// !$*UTF8*$!
{
	archiveVersion = 1;
	classes = {
	};
	objectVersion = 60;
	objects = {

/* Begin PBXBuildFile section */
		78D0083CCFB81F78EF91417D /* Pods_RickAndMorty_RickAndMortyUITests.framework in Frameworks */ = {isa = PBXBuildFile; fileRef = 75BE423EE5208E40DE7A9ED1 /* Pods_RickAndMorty_RickAndMortyUITests.framework */; };
		98E1512300A703BAF3958761 /* Pods_RickAndMorty.framework in Frameworks */ = {isa = PBXBuildFile; fileRef = A8F111E8007331C05FB4938F /* Pods_RickAndMorty.framework */; };
		9D38B8382C77091A007FBC50 /* RickAndMortyApp.swift in Sources */ = {isa = PBXBuildFile; fileRef = 9D38B8372C77091A007FBC50 /* RickAndMortyApp.swift */; };
		9D38B83A2C77091A007FBC50 /* ContentView.swift in Sources */ = {isa = PBXBuildFile; fileRef = 9D38B8392C77091A007FBC50 /* ContentView.swift */; };
		9D38B83C2C77091B007FBC50 /* Assets.xcassets in Resources */ = {isa = PBXBuildFile; fileRef = 9D38B83B2C77091B007FBC50 /* Assets.xcassets */; };
		9D38B83F2C77091B007FBC50 /* Preview Assets.xcassets in Resources */ = {isa = PBXBuildFile; fileRef = 9D38B83E2C77091B007FBC50 /* Preview Assets.xcassets */; };
		9D38B8492C77091C007FBC50 /* RickAndMortyTests.swift in Sources */ = {isa = PBXBuildFile; fileRef = 9D38B8482C77091C007FBC50 /* RickAndMortyTests.swift */; };
		9D38B8532C77091C007FBC50 /* RickAndMortyUITests.swift in Sources */ = {isa = PBXBuildFile; fileRef = 9D38B8522C77091C007FBC50 /* RickAndMortyUITests.swift */; };
		9D38B8552C77091C007FBC50 /* RickAndMortyUITestsLaunchTests.swift in Sources */ = {isa = PBXBuildFile; fileRef = 9D38B8542C77091C007FBC50 /* RickAndMortyUITestsLaunchTests.swift */; };
		9D38B8652C770EB1007FBC50 /* Apollo in Frameworks */ = {isa = PBXBuildFile; productRef = 9D38B8642C770EB1007FBC50 /* Apollo */; };
		9D38B86B2C770F20007FBC50 /* schema.graphqls in Resources */ = {isa = PBXBuildFile; fileRef = 9D38B86A2C770F20007FBC50 /* schema.graphqls */; };
		9D38B86F2C770F89007FBC50 /* CharacterListQuery.graphql in Resources */ = {isa = PBXBuildFile; fileRef = 9D38B86E2C770F89007FBC50 /* CharacterListQuery.graphql */; };
		9D38B8722C770FC9007FBC50 /* CharacterInfoFragment.graphql in Resources */ = {isa = PBXBuildFile; fileRef = 9D38B8712C770FC9007FBC50 /* CharacterInfoFragment.graphql */; };
		9D38B8752C771079007FBC50 /* Rickandmortyapi in Frameworks */ = {isa = PBXBuildFile; productRef = 9D38B8742C771079007FBC50 /* Rickandmortyapi */; };
		9D38B8792C771266007FBC50 /* Character.swift in Sources */ = {isa = PBXBuildFile; fileRef = 9D38B8782C771266007FBC50 /* Character.swift */; };
		9D38B87B2C771274007FBC50 /* Episode.swift in Sources */ = {isa = PBXBuildFile; fileRef = 9D38B87A2C771274007FBC50 /* Episode.swift */; };
		9D38B87E2C7712DE007FBC50 /* GetCharacterListUseCaseType.swift in Sources */ = {isa = PBXBuildFile; fileRef = 9D38B87D2C7712DE007FBC50 /* GetCharacterListUseCaseType.swift */; };
		9D38B8802C77130D007FBC50 /* CharacterRepositoryType.swift in Sources */ = {isa = PBXBuildFile; fileRef = 9D38B87F2C77130D007FBC50 /* CharacterRepositoryType.swift */; };
		9D38B8832C77134B007FBC50 /* GetCharacterListUseCase.swift in Sources */ = {isa = PBXBuildFile; fileRef = 9D38B8822C77134B007FBC50 /* GetCharacterListUseCase.swift */; };
		9D38B8872C77152B007FBC50 /* CharacterRepository.swift in Sources */ = {isa = PBXBuildFile; fileRef = 9D38B8862C77152B007FBC50 /* CharacterRepository.swift */; };
		9D38B88B2C771598007FBC50 /* NetworkClientType.swift in Sources */ = {isa = PBXBuildFile; fileRef = 9D38B88A2C771598007FBC50 /* NetworkClientType.swift */; };
		9F446B526637C4BD246528CC /* Pods_RickAndMortyTests.framework in Frameworks */ = {isa = PBXBuildFile; fileRef = 29DCEDA32D42FFC6DEBA7C7F /* Pods_RickAndMortyTests.framework */; };
/* End PBXBuildFile section */

/* Begin PBXContainerItemProxy section */
		9D38B8452C77091C007FBC50 /* PBXContainerItemProxy */ = {
			isa = PBXContainerItemProxy;
			containerPortal = 9D38B82C2C77091A007FBC50 /* Project object */;
			proxyType = 1;
			remoteGlobalIDString = 9D38B8332C77091A007FBC50;
			remoteInfo = RickAndMorty;
		};
		9D38B84F2C77091C007FBC50 /* PBXContainerItemProxy */ = {
			isa = PBXContainerItemProxy;
			containerPortal = 9D38B82C2C77091A007FBC50 /* Project object */;
			proxyType = 1;
			remoteGlobalIDString = 9D38B8332C77091A007FBC50;
			remoteInfo = RickAndMorty;
		};
/* End PBXContainerItemProxy section */

/* Begin PBXFileReference section */
		29DCEDA32D42FFC6DEBA7C7F /* Pods_RickAndMortyTests.framework */ = {isa = PBXFileReference; explicitFileType = wrapper.framework; includeInIndex = 0; path = Pods_RickAndMortyTests.framework; sourceTree = BUILT_PRODUCTS_DIR; };
		3B433B216C125106F4D397D9 /* Pods-RickAndMorty-RickAndMortyUITests.release.xcconfig */ = {isa = PBXFileReference; includeInIndex = 1; lastKnownFileType = text.xcconfig; name = "Pods-RickAndMorty-RickAndMortyUITests.release.xcconfig"; path = "Target Support Files/Pods-RickAndMorty-RickAndMortyUITests/Pods-RickAndMorty-RickAndMortyUITests.release.xcconfig"; sourceTree = "<group>"; };
		75BE423EE5208E40DE7A9ED1 /* Pods_RickAndMorty_RickAndMortyUITests.framework */ = {isa = PBXFileReference; explicitFileType = wrapper.framework; includeInIndex = 0; path = Pods_RickAndMorty_RickAndMortyUITests.framework; sourceTree = BUILT_PRODUCTS_DIR; };
		781BE0BB094B5D472A4EFD02 /* Pods-RickAndMortyTests.release.xcconfig */ = {isa = PBXFileReference; includeInIndex = 1; lastKnownFileType = text.xcconfig; name = "Pods-RickAndMortyTests.release.xcconfig"; path = "Target Support Files/Pods-RickAndMortyTests/Pods-RickAndMortyTests.release.xcconfig"; sourceTree = "<group>"; };
		7E318258EC803FB2BC5E8761 /* Pods-RickAndMorty.debug.xcconfig */ = {isa = PBXFileReference; includeInIndex = 1; lastKnownFileType = text.xcconfig; name = "Pods-RickAndMorty.debug.xcconfig"; path = "Target Support Files/Pods-RickAndMorty/Pods-RickAndMorty.debug.xcconfig"; sourceTree = "<group>"; };
		9D38B8342C77091A007FBC50 /* RickAndMorty.app */ = {isa = PBXFileReference; explicitFileType = wrapper.application; includeInIndex = 0; path = RickAndMorty.app; sourceTree = BUILT_PRODUCTS_DIR; };
		9D38B8372C77091A007FBC50 /* RickAndMortyApp.swift */ = {isa = PBXFileReference; lastKnownFileType = sourcecode.swift; path = RickAndMortyApp.swift; sourceTree = "<group>"; };
		9D38B8392C77091A007FBC50 /* ContentView.swift */ = {isa = PBXFileReference; lastKnownFileType = sourcecode.swift; path = ContentView.swift; sourceTree = "<group>"; };
		9D38B83B2C77091B007FBC50 /* Assets.xcassets */ = {isa = PBXFileReference; lastKnownFileType = folder.assetcatalog; path = Assets.xcassets; sourceTree = "<group>"; };
		9D38B83E2C77091B007FBC50 /* Preview Assets.xcassets */ = {isa = PBXFileReference; lastKnownFileType = folder.assetcatalog; path = "Preview Assets.xcassets"; sourceTree = "<group>"; };
		9D38B8442C77091C007FBC50 /* RickAndMortyTests.xctest */ = {isa = PBXFileReference; explicitFileType = wrapper.cfbundle; includeInIndex = 0; path = RickAndMortyTests.xctest; sourceTree = BUILT_PRODUCTS_DIR; };
		9D38B8482C77091C007FBC50 /* RickAndMortyTests.swift */ = {isa = PBXFileReference; lastKnownFileType = sourcecode.swift; path = RickAndMortyTests.swift; sourceTree = "<group>"; };
		9D38B84E2C77091C007FBC50 /* RickAndMortyUITests.xctest */ = {isa = PBXFileReference; explicitFileType = wrapper.cfbundle; includeInIndex = 0; path = RickAndMortyUITests.xctest; sourceTree = BUILT_PRODUCTS_DIR; };
		9D38B8522C77091C007FBC50 /* RickAndMortyUITests.swift */ = {isa = PBXFileReference; lastKnownFileType = sourcecode.swift; path = RickAndMortyUITests.swift; sourceTree = "<group>"; };
		9D38B8542C77091C007FBC50 /* RickAndMortyUITestsLaunchTests.swift */ = {isa = PBXFileReference; lastKnownFileType = sourcecode.swift; path = RickAndMortyUITestsLaunchTests.swift; sourceTree = "<group>"; };
		9D38B86A2C770F20007FBC50 /* schema.graphqls */ = {isa = PBXFileReference; fileEncoding = 4; lastKnownFileType = text; path = schema.graphqls; sourceTree = "<group>"; };
		9D38B86E2C770F89007FBC50 /* CharacterListQuery.graphql */ = {isa = PBXFileReference; lastKnownFileType = text; path = CharacterListQuery.graphql; sourceTree = "<group>"; };
		9D38B8712C770FC9007FBC50 /* CharacterInfoFragment.graphql */ = {isa = PBXFileReference; lastKnownFileType = text; path = CharacterInfoFragment.graphql; sourceTree = "<group>"; };
		9D38B8782C771266007FBC50 /* Character.swift */ = {isa = PBXFileReference; lastKnownFileType = sourcecode.swift; path = Character.swift; sourceTree = "<group>"; };
		9D38B87A2C771274007FBC50 /* Episode.swift */ = {isa = PBXFileReference; lastKnownFileType = sourcecode.swift; path = Episode.swift; sourceTree = "<group>"; };
		9D38B87D2C7712DE007FBC50 /* GetCharacterListUseCaseType.swift */ = {isa = PBXFileReference; lastKnownFileType = sourcecode.swift; path = GetCharacterListUseCaseType.swift; sourceTree = "<group>"; };
		9D38B87F2C77130D007FBC50 /* CharacterRepositoryType.swift */ = {isa = PBXFileReference; lastKnownFileType = sourcecode.swift; path = CharacterRepositoryType.swift; sourceTree = "<group>"; };
		9D38B8822C77134B007FBC50 /* GetCharacterListUseCase.swift */ = {isa = PBXFileReference; lastKnownFileType = sourcecode.swift; path = GetCharacterListUseCase.swift; sourceTree = "<group>"; };
		9D38B8862C77152B007FBC50 /* CharacterRepository.swift */ = {isa = PBXFileReference; lastKnownFileType = sourcecode.swift; path = CharacterRepository.swift; sourceTree = "<group>"; };
		9D38B88A2C771598007FBC50 /* NetworkClientType.swift */ = {isa = PBXFileReference; lastKnownFileType = sourcecode.swift; path = NetworkClientType.swift; sourceTree = "<group>"; };
		A8F111E8007331C05FB4938F /* Pods_RickAndMorty.framework */ = {isa = PBXFileReference; explicitFileType = wrapper.framework; includeInIndex = 0; path = Pods_RickAndMorty.framework; sourceTree = BUILT_PRODUCTS_DIR; };
		BA125FA7CED79A18689FC46F /* Pods-RickAndMorty-RickAndMortyUITests.debug.xcconfig */ = {isa = PBXFileReference; includeInIndex = 1; lastKnownFileType = text.xcconfig; name = "Pods-RickAndMorty-RickAndMortyUITests.debug.xcconfig"; path = "Target Support Files/Pods-RickAndMorty-RickAndMortyUITests/Pods-RickAndMorty-RickAndMortyUITests.debug.xcconfig"; sourceTree = "<group>"; };
		FB718DF42B4AF758236C3EB7 /* Pods-RickAndMortyTests.debug.xcconfig */ = {isa = PBXFileReference; includeInIndex = 1; lastKnownFileType = text.xcconfig; name = "Pods-RickAndMortyTests.debug.xcconfig"; path = "Target Support Files/Pods-RickAndMortyTests/Pods-RickAndMortyTests.debug.xcconfig"; sourceTree = "<group>"; };
		FCA649C4DD8DFB65A03F0948 /* Pods-RickAndMorty.release.xcconfig */ = {isa = PBXFileReference; includeInIndex = 1; lastKnownFileType = text.xcconfig; name = "Pods-RickAndMorty.release.xcconfig"; path = "Target Support Files/Pods-RickAndMorty/Pods-RickAndMorty.release.xcconfig"; sourceTree = "<group>"; };
/* End PBXFileReference section */

/* Begin PBXFrameworksBuildPhase section */
		9D38B8312C77091A007FBC50 /* Frameworks */ = {
			isa = PBXFrameworksBuildPhase;
			buildActionMask = 2147483647;
			files = (
				9D38B8752C771079007FBC50 /* Rickandmortyapi in Frameworks */,
				98E1512300A703BAF3958761 /* Pods_RickAndMorty.framework in Frameworks */,
				9D38B8652C770EB1007FBC50 /* Apollo in Frameworks */,
			);
			runOnlyForDeploymentPostprocessing = 0;
		};
		9D38B8412C77091C007FBC50 /* Frameworks */ = {
			isa = PBXFrameworksBuildPhase;
			buildActionMask = 2147483647;
			files = (
				9F446B526637C4BD246528CC /* Pods_RickAndMortyTests.framework in Frameworks */,
			);
			runOnlyForDeploymentPostprocessing = 0;
		};
		9D38B84B2C77091C007FBC50 /* Frameworks */ = {
			isa = PBXFrameworksBuildPhase;
			buildActionMask = 2147483647;
			files = (
				78D0083CCFB81F78EF91417D /* Pods_RickAndMorty_RickAndMortyUITests.framework in Frameworks */,
			);
			runOnlyForDeploymentPostprocessing = 0;
		};
/* End PBXFrameworksBuildPhase section */

/* Begin PBXGroup section */
		9D38B82B2C77091A007FBC50 = {
			isa = PBXGroup;
			children = (
				9D38B8362C77091A007FBC50 /* RickAndMorty */,
				9D38B8472C77091C007FBC50 /* RickAndMortyTests */,
				9D38B8512C77091C007FBC50 /* RickAndMortyUITests */,
				9D38B8352C77091A007FBC50 /* Products */,
				B85FD301DF5941970DC03EEE /* Pods */,
				A3D48967947CA8CAAC151107 /* Frameworks */,
			);
			sourceTree = "<group>";
		};
		9D38B8352C77091A007FBC50 /* Products */ = {
			isa = PBXGroup;
			children = (
				9D38B8342C77091A007FBC50 /* RickAndMorty.app */,
				9D38B8442C77091C007FBC50 /* RickAndMortyTests.xctest */,
				9D38B84E2C77091C007FBC50 /* RickAndMortyUITests.xctest */,
			);
			name = Products;
			sourceTree = "<group>";
		};
		9D38B8362C77091A007FBC50 /* RickAndMorty */ = {
			isa = PBXGroup;
			children = (
				9D38B8882C771558007FBC50 /* Infrastructure */,
				9D38B8842C771502007FBC50 /* Data */,
				9D38B8612C770E2B007FBC50 /* MainApp */,
				9D38B8662C770EC7007FBC50 /* GraphQL */,
				9D38B8762C77124D007FBC50 /* Domain */,
				9D38B8622C770E38007FBC50 /* SupportingFiles */,
			);
			path = RickAndMorty;
			sourceTree = "<group>";
		};
		9D38B83D2C77091B007FBC50 /* Preview Content */ = {
			isa = PBXGroup;
			children = (
				9D38B83E2C77091B007FBC50 /* Preview Assets.xcassets */,
			);
			path = "Preview Content";
			sourceTree = "<group>";
		};
		9D38B8472C77091C007FBC50 /* RickAndMortyTests */ = {
			isa = PBXGroup;
			children = (
				9D38B8482C77091C007FBC50 /* RickAndMortyTests.swift */,
			);
			path = RickAndMortyTests;
			sourceTree = "<group>";
		};
		9D38B8512C77091C007FBC50 /* RickAndMortyUITests */ = {
			isa = PBXGroup;
			children = (
				9D38B8522C77091C007FBC50 /* RickAndMortyUITests.swift */,
				9D38B8542C77091C007FBC50 /* RickAndMortyUITestsLaunchTests.swift */,
			);
			path = RickAndMortyUITests;
			sourceTree = "<group>";
		};
		9D38B8612C770E2B007FBC50 /* MainApp */ = {
			isa = PBXGroup;
			children = (
				9D38B8372C77091A007FBC50 /* RickAndMortyApp.swift */,
				9D38B8392C77091A007FBC50 /* ContentView.swift */,
			);
			path = MainApp;
			sourceTree = "<group>";
		};
		9D38B8622C770E38007FBC50 /* SupportingFiles */ = {
			isa = PBXGroup;
			children = (
				9D38B83D2C77091B007FBC50 /* Preview Content */,
				9D38B83B2C77091B007FBC50 /* Assets.xcassets */,
			);
			path = SupportingFiles;
			sourceTree = "<group>";
		};
		9D38B8662C770EC7007FBC50 /* GraphQL */ = {
			isa = PBXGroup;
			children = (
				9D38B8672C770ED2007FBC50 /* Operations */,
				9D38B8682C770EDD007FBC50 /* Schema */,
			);
			path = GraphQL;
			sourceTree = "<group>";
		};
		9D38B8672C770ED2007FBC50 /* Operations */ = {
			isa = PBXGroup;
			children = (
				9D38B8702C770F9D007FBC50 /* Fragments */,
				9D38B8692C770EF5007FBC50 /* Queries */,
			);
			path = Operations;
			sourceTree = "<group>";
		};
		9D38B8682C770EDD007FBC50 /* Schema */ = {
			isa = PBXGroup;
			children = (
				9D38B86A2C770F20007FBC50 /* schema.graphqls */,
			);
			path = Schema;
			sourceTree = "<group>";
		};
		9D38B8692C770EF5007FBC50 /* Queries */ = {
			isa = PBXGroup;
			children = (
				9D38B86E2C770F89007FBC50 /* CharacterListQuery.graphql */,
			);
			path = Queries;
			sourceTree = "<group>";
		};
		9D38B8702C770F9D007FBC50 /* Fragments */ = {
			isa = PBXGroup;
			children = (
				9D38B8712C770FC9007FBC50 /* CharacterInfoFragment.graphql */,
			);
			path = Fragments;
			sourceTree = "<group>";
		};
		9D38B8762C77124D007FBC50 /* Domain */ = {
			isa = PBXGroup;
			children = (
				9D38B87C2C7712CC007FBC50 /* Protocols */,
				9D38B8772C771256007FBC50 /* Entities */,
				9D38B8812C771335007FBC50 /* UseCases */,
			);
			path = Domain;
			sourceTree = "<group>";
		};
		9D38B8772C771256007FBC50 /* Entities */ = {
			isa = PBXGroup;
			children = (
				9D38B8782C771266007FBC50 /* Character.swift */,
				9D38B87A2C771274007FBC50 /* Episode.swift */,
			);
			path = Entities;
			sourceTree = "<group>";
		};
		9D38B87C2C7712CC007FBC50 /* Protocols */ = {
			isa = PBXGroup;
			children = (
				9D38B87D2C7712DE007FBC50 /* GetCharacterListUseCaseType.swift */,
				9D38B87F2C77130D007FBC50 /* CharacterRepositoryType.swift */,
			);
			path = Protocols;
			sourceTree = "<group>";
		};
		9D38B8812C771335007FBC50 /* UseCases */ = {
			isa = PBXGroup;
			children = (
				9D38B8822C77134B007FBC50 /* GetCharacterListUseCase.swift */,
			);
			path = UseCases;
			sourceTree = "<group>";
		};
		9D38B8842C771502007FBC50 /* Data */ = {
			isa = PBXGroup;
			children = (
				9D38B8852C77150D007FBC50 /* Repositories */,
			);
			path = Data;
			sourceTree = "<group>";
		};
		9D38B8852C77150D007FBC50 /* Repositories */ = {
			isa = PBXGroup;
			children = (
				9D38B8862C77152B007FBC50 /* CharacterRepository.swift */,
			);
			path = Repositories;
			sourceTree = "<group>";
		};
		9D38B8882C771558007FBC50 /* Infrastructure */ = {
			isa = PBXGroup;
			children = (
				9D38B8892C771579007FBC50 /* Networking */,
			);
			path = Infrastructure;
			sourceTree = "<group>";
		};
		9D38B8892C771579007FBC50 /* Networking */ = {
			isa = PBXGroup;
			children = (
				9D38B88A2C771598007FBC50 /* NetworkClientType.swift */,
			);
			path = Networking;
			sourceTree = "<group>";
		};
		A3D48967947CA8CAAC151107 /* Frameworks */ = {
			isa = PBXGroup;
			children = (
				A8F111E8007331C05FB4938F /* Pods_RickAndMorty.framework */,
				75BE423EE5208E40DE7A9ED1 /* Pods_RickAndMorty_RickAndMortyUITests.framework */,
				29DCEDA32D42FFC6DEBA7C7F /* Pods_RickAndMortyTests.framework */,
			);
			name = Frameworks;
			sourceTree = "<group>";
		};
		B85FD301DF5941970DC03EEE /* Pods */ = {
			isa = PBXGroup;
			children = (
				7E318258EC803FB2BC5E8761 /* Pods-RickAndMorty.debug.xcconfig */,
				FCA649C4DD8DFB65A03F0948 /* Pods-RickAndMorty.release.xcconfig */,
				BA125FA7CED79A18689FC46F /* Pods-RickAndMorty-RickAndMortyUITests.debug.xcconfig */,
				3B433B216C125106F4D397D9 /* Pods-RickAndMorty-RickAndMortyUITests.release.xcconfig */,
				FB718DF42B4AF758236C3EB7 /* Pods-RickAndMortyTests.debug.xcconfig */,
				781BE0BB094B5D472A4EFD02 /* Pods-RickAndMortyTests.release.xcconfig */,
			);
			path = Pods;
			sourceTree = "<group>";
		};
/* End PBXGroup section */

/* Begin PBXNativeTarget section */
		9D38B8332C77091A007FBC50 /* RickAndMorty */ = {
			isa = PBXNativeTarget;
			buildConfigurationList = 9D38B8582C77091C007FBC50 /* Build configuration list for PBXNativeTarget "RickAndMorty" */;
			buildPhases = (
				7FD7AF7907030F43FBB65CC9 /* [CP] Check Pods Manifest.lock */,
				9D38B8302C77091A007FBC50 /* Sources */,
				9D38B8312C77091A007FBC50 /* Frameworks */,
				9D38B8322C77091A007FBC50 /* Resources */,
				DD91F1D110CAA2092325389D /* [CP] Embed Pods Frameworks */,
			);
			buildRules = (
			);
			dependencies = (
			);
			name = RickAndMorty;
			packageProductDependencies = (
				9D38B8642C770EB1007FBC50 /* Apollo */,
				9D38B8742C771079007FBC50 /* Rickandmortyapi */,
			);
			productName = RickAndMorty;
			productReference = 9D38B8342C77091A007FBC50 /* RickAndMorty.app */;
			productType = "com.apple.product-type.application";
		};
		9D38B8432C77091C007FBC50 /* RickAndMortyTests */ = {
			isa = PBXNativeTarget;
			buildConfigurationList = 9D38B85B2C77091C007FBC50 /* Build configuration list for PBXNativeTarget "RickAndMortyTests" */;
			buildPhases = (
				127F0A50DCFDCE8EF373C8F2 /* [CP] Check Pods Manifest.lock */,
				9D38B8402C77091C007FBC50 /* Sources */,
				9D38B8412C77091C007FBC50 /* Frameworks */,
				9D38B8422C77091C007FBC50 /* Resources */,
			);
			buildRules = (
			);
			dependencies = (
				9D38B8462C77091C007FBC50 /* PBXTargetDependency */,
			);
			name = RickAndMortyTests;
			productName = RickAndMortyTests;
			productReference = 9D38B8442C77091C007FBC50 /* RickAndMortyTests.xctest */;
			productType = "com.apple.product-type.bundle.unit-test";
		};
		9D38B84D2C77091C007FBC50 /* RickAndMortyUITests */ = {
			isa = PBXNativeTarget;
			buildConfigurationList = 9D38B85E2C77091C007FBC50 /* Build configuration list for PBXNativeTarget "RickAndMortyUITests" */;
			buildPhases = (
				4354F16E26C83A788475B869 /* [CP] Check Pods Manifest.lock */,
				9D38B84A2C77091C007FBC50 /* Sources */,
				9D38B84B2C77091C007FBC50 /* Frameworks */,
				9D38B84C2C77091C007FBC50 /* Resources */,
				5390D0B624C773CB3D806D20 /* [CP] Embed Pods Frameworks */,
			);
			buildRules = (
			);
			dependencies = (
				9D38B8502C77091C007FBC50 /* PBXTargetDependency */,
			);
			name = RickAndMortyUITests;
			productName = RickAndMortyUITests;
			productReference = 9D38B84E2C77091C007FBC50 /* RickAndMortyUITests.xctest */;
			productType = "com.apple.product-type.bundle.ui-testing";
		};
/* End PBXNativeTarget section */

/* Begin PBXProject section */
		9D38B82C2C77091A007FBC50 /* Project object */ = {
			isa = PBXProject;
			attributes = {
				BuildIndependentTargetsInParallel = 1;
				LastSwiftUpdateCheck = 1500;
				LastUpgradeCheck = 1500;
				TargetAttributes = {
					9D38B8332C77091A007FBC50 = {
						CreatedOnToolsVersion = 15.0;
					};
					9D38B8432C77091C007FBC50 = {
						CreatedOnToolsVersion = 15.0;
						TestTargetID = 9D38B8332C77091A007FBC50;
					};
					9D38B84D2C77091C007FBC50 = {
						CreatedOnToolsVersion = 15.0;
						TestTargetID = 9D38B8332C77091A007FBC50;
					};
				};
			};
			buildConfigurationList = 9D38B82F2C77091A007FBC50 /* Build configuration list for PBXProject "RickAndMorty" */;
			compatibilityVersion = "Xcode 14.0";
			developmentRegion = en;
			hasScannedForEncodings = 0;
			knownRegions = (
				en,
				Base,
			);
			mainGroup = 9D38B82B2C77091A007FBC50;
			packageReferences = (
				9D38B8632C770EB1007FBC50 /* XCRemoteSwiftPackageReference "apollo-ios" */,
				9D38B8732C771079007FBC50 /* XCLocalSwiftPackageReference "rickandmortyapi" */,
			);
			productRefGroup = 9D38B8352C77091A007FBC50 /* Products */;
			projectDirPath = "";
			projectRoot = "";
			targets = (
				9D38B8332C77091A007FBC50 /* RickAndMorty */,
				9D38B8432C77091C007FBC50 /* RickAndMortyTests */,
				9D38B84D2C77091C007FBC50 /* RickAndMortyUITests */,
			);
		};
/* End PBXProject section */

/* Begin PBXResourcesBuildPhase section */
		9D38B8322C77091A007FBC50 /* Resources */ = {
			isa = PBXResourcesBuildPhase;
			buildActionMask = 2147483647;
			files = (
				9D38B8722C770FC9007FBC50 /* CharacterInfoFragment.graphql in Resources */,
				9D38B83F2C77091B007FBC50 /* Preview Assets.xcassets in Resources */,
				9D38B86B2C770F20007FBC50 /* schema.graphqls in Resources */,
				9D38B86F2C770F89007FBC50 /* CharacterListQuery.graphql in Resources */,
				9D38B83C2C77091B007FBC50 /* Assets.xcassets in Resources */,
			);
			runOnlyForDeploymentPostprocessing = 0;
		};
		9D38B8422C77091C007FBC50 /* Resources */ = {
			isa = PBXResourcesBuildPhase;
			buildActionMask = 2147483647;
			files = (
			);
			runOnlyForDeploymentPostprocessing = 0;
		};
		9D38B84C2C77091C007FBC50 /* Resources */ = {
			isa = PBXResourcesBuildPhase;
			buildActionMask = 2147483647;
			files = (
			);
			runOnlyForDeploymentPostprocessing = 0;
		};
/* End PBXResourcesBuildPhase section */

/* Begin PBXShellScriptBuildPhase section */
		127F0A50DCFDCE8EF373C8F2 /* [CP] Check Pods Manifest.lock */ = {
			isa = PBXShellScriptBuildPhase;
			buildActionMask = 2147483647;
			files = (
			);
			inputFileListPaths = (
			);
			inputPaths = (
				"${PODS_PODFILE_DIR_PATH}/Podfile.lock",
				"${PODS_ROOT}/Manifest.lock",
			);
			name = "[CP] Check Pods Manifest.lock";
			outputFileListPaths = (
			);
			outputPaths = (
				"$(DERIVED_FILE_DIR)/Pods-RickAndMortyTests-checkManifestLockResult.txt",
			);
			runOnlyForDeploymentPostprocessing = 0;
			shellPath = /bin/sh;
			shellScript = "diff \"${PODS_PODFILE_DIR_PATH}/Podfile.lock\" \"${PODS_ROOT}/Manifest.lock\" > /dev/null\nif [ $? != 0 ] ; then\n    # print error to STDERR\n    echo \"error: The sandbox is not in sync with the Podfile.lock. Run 'pod install' or update your CocoaPods installation.\" >&2\n    exit 1\nfi\n# This output is used by Xcode 'outputs' to avoid re-running this script phase.\necho \"SUCCESS\" > \"${SCRIPT_OUTPUT_FILE_0}\"\n";
			showEnvVarsInLog = 0;
		};
		4354F16E26C83A788475B869 /* [CP] Check Pods Manifest.lock */ = {
			isa = PBXShellScriptBuildPhase;
			buildActionMask = 2147483647;
			files = (
			);
			inputFileListPaths = (
			);
			inputPaths = (
				"${PODS_PODFILE_DIR_PATH}/Podfile.lock",
				"${PODS_ROOT}/Manifest.lock",
			);
			name = "[CP] Check Pods Manifest.lock";
			outputFileListPaths = (
			);
			outputPaths = (
				"$(DERIVED_FILE_DIR)/Pods-RickAndMorty-RickAndMortyUITests-checkManifestLockResult.txt",
			);
			runOnlyForDeploymentPostprocessing = 0;
			shellPath = /bin/sh;
			shellScript = "diff \"${PODS_PODFILE_DIR_PATH}/Podfile.lock\" \"${PODS_ROOT}/Manifest.lock\" > /dev/null\nif [ $? != 0 ] ; then\n    # print error to STDERR\n    echo \"error: The sandbox is not in sync with the Podfile.lock. Run 'pod install' or update your CocoaPods installation.\" >&2\n    exit 1\nfi\n# This output is used by Xcode 'outputs' to avoid re-running this script phase.\necho \"SUCCESS\" > \"${SCRIPT_OUTPUT_FILE_0}\"\n";
			showEnvVarsInLog = 0;
		};
		5390D0B624C773CB3D806D20 /* [CP] Embed Pods Frameworks */ = {
			isa = PBXShellScriptBuildPhase;
			buildActionMask = 2147483647;
			files = (
			);
			inputFileListPaths = (
				"${PODS_ROOT}/Target Support Files/Pods-RickAndMorty-RickAndMortyUITests/Pods-RickAndMorty-RickAndMortyUITests-frameworks-${CONFIGURATION}-input-files.xcfilelist",
			);
			name = "[CP] Embed Pods Frameworks";
			outputFileListPaths = (
				"${PODS_ROOT}/Target Support Files/Pods-RickAndMorty-RickAndMortyUITests/Pods-RickAndMorty-RickAndMortyUITests-frameworks-${CONFIGURATION}-output-files.xcfilelist",
			);
			runOnlyForDeploymentPostprocessing = 0;
			shellPath = /bin/sh;
			shellScript = "\"${PODS_ROOT}/Target Support Files/Pods-RickAndMorty-RickAndMortyUITests/Pods-RickAndMorty-RickAndMortyUITests-frameworks.sh\"\n";
			showEnvVarsInLog = 0;
		};
		7FD7AF7907030F43FBB65CC9 /* [CP] Check Pods Manifest.lock */ = {
			isa = PBXShellScriptBuildPhase;
			buildActionMask = 2147483647;
			files = (
			);
			inputFileListPaths = (
			);
			inputPaths = (
				"${PODS_PODFILE_DIR_PATH}/Podfile.lock",
				"${PODS_ROOT}/Manifest.lock",
			);
			name = "[CP] Check Pods Manifest.lock";
			outputFileListPaths = (
			);
			outputPaths = (
				"$(DERIVED_FILE_DIR)/Pods-RickAndMorty-checkManifestLockResult.txt",
			);
			runOnlyForDeploymentPostprocessing = 0;
			shellPath = /bin/sh;
			shellScript = "diff \"${PODS_PODFILE_DIR_PATH}/Podfile.lock\" \"${PODS_ROOT}/Manifest.lock\" > /dev/null\nif [ $? != 0 ] ; then\n    # print error to STDERR\n    echo \"error: The sandbox is not in sync with the Podfile.lock. Run 'pod install' or update your CocoaPods installation.\" >&2\n    exit 1\nfi\n# This output is used by Xcode 'outputs' to avoid re-running this script phase.\necho \"SUCCESS\" > \"${SCRIPT_OUTPUT_FILE_0}\"\n";
			showEnvVarsInLog = 0;
		};
		DD91F1D110CAA2092325389D /* [CP] Embed Pods Frameworks */ = {
			isa = PBXShellScriptBuildPhase;
			buildActionMask = 2147483647;
			files = (
			);
			inputFileListPaths = (
				"${PODS_ROOT}/Target Support Files/Pods-RickAndMorty/Pods-RickAndMorty-frameworks-${CONFIGURATION}-input-files.xcfilelist",
			);
			name = "[CP] Embed Pods Frameworks";
			outputFileListPaths = (
				"${PODS_ROOT}/Target Support Files/Pods-RickAndMorty/Pods-RickAndMorty-frameworks-${CONFIGURATION}-output-files.xcfilelist",
			);
			runOnlyForDeploymentPostprocessing = 0;
			shellPath = /bin/sh;
			shellScript = "\"${PODS_ROOT}/Target Support Files/Pods-RickAndMorty/Pods-RickAndMorty-frameworks.sh\"\n";
			showEnvVarsInLog = 0;
		};
/* End PBXShellScriptBuildPhase section */

/* Begin PBXSourcesBuildPhase section */
		9D38B8302C77091A007FBC50 /* Sources */ = {
			isa = PBXSourcesBuildPhase;
			buildActionMask = 2147483647;
			files = (
				9D38B8832C77134B007FBC50 /* GetCharacterListUseCase.swift in Sources */,
				9D38B8872C77152B007FBC50 /* CharacterRepository.swift in Sources */,
				9D38B8792C771266007FBC50 /* Character.swift in Sources */,
				9D38B88B2C771598007FBC50 /* NetworkClientType.swift in Sources */,
				9D38B87B2C771274007FBC50 /* Episode.swift in Sources */,
				9D38B83A2C77091A007FBC50 /* ContentView.swift in Sources */,
				9D38B8802C77130D007FBC50 /* CharacterRepositoryType.swift in Sources */,
				9D38B8382C77091A007FBC50 /* RickAndMortyApp.swift in Sources */,
				9D38B87E2C7712DE007FBC50 /* GetCharacterListUseCaseType.swift in Sources */,
			);
			runOnlyForDeploymentPostprocessing = 0;
		};
		9D38B8402C77091C007FBC50 /* Sources */ = {
			isa = PBXSourcesBuildPhase;
			buildActionMask = 2147483647;
			files = (
				9D38B8492C77091C007FBC50 /* RickAndMortyTests.swift in Sources */,
			);
			runOnlyForDeploymentPostprocessing = 0;
		};
		9D38B84A2C77091C007FBC50 /* Sources */ = {
			isa = PBXSourcesBuildPhase;
			buildActionMask = 2147483647;
			files = (
				9D38B8532C77091C007FBC50 /* RickAndMortyUITests.swift in Sources */,
				9D38B8552C77091C007FBC50 /* RickAndMortyUITestsLaunchTests.swift in Sources */,
			);
			runOnlyForDeploymentPostprocessing = 0;
		};
/* End PBXSourcesBuildPhase section */

/* Begin PBXTargetDependency section */
		9D38B8462C77091C007FBC50 /* PBXTargetDependency */ = {
			isa = PBXTargetDependency;
			target = 9D38B8332C77091A007FBC50 /* RickAndMorty */;
			targetProxy = 9D38B8452C77091C007FBC50 /* PBXContainerItemProxy */;
		};
		9D38B8502C77091C007FBC50 /* PBXTargetDependency */ = {
			isa = PBXTargetDependency;
			target = 9D38B8332C77091A007FBC50 /* RickAndMorty */;
			targetProxy = 9D38B84F2C77091C007FBC50 /* PBXContainerItemProxy */;
		};
/* End PBXTargetDependency section */

/* Begin XCBuildConfiguration section */
		9D38B8562C77091C007FBC50 /* Debug */ = {
			isa = XCBuildConfiguration;
			buildSettings = {
				ALWAYS_SEARCH_USER_PATHS = NO;
				ASSETCATALOG_COMPILER_GENERATE_SWIFT_ASSET_SYMBOL_EXTENSIONS = YES;
				CLANG_ANALYZER_NONNULL = YES;
				CLANG_ANALYZER_NUMBER_OBJECT_CONVERSION = YES_AGGRESSIVE;
				CLANG_CXX_LANGUAGE_STANDARD = "gnu++20";
				CLANG_ENABLE_MODULES = YES;
				CLANG_ENABLE_OBJC_ARC = YES;
				CLANG_ENABLE_OBJC_WEAK = YES;
				CLANG_WARN_BLOCK_CAPTURE_AUTORELEASING = YES;
				CLANG_WARN_BOOL_CONVERSION = YES;
				CLANG_WARN_COMMA = YES;
				CLANG_WARN_CONSTANT_CONVERSION = YES;
				CLANG_WARN_DEPRECATED_OBJC_IMPLEMENTATIONS = YES;
				CLANG_WARN_DIRECT_OBJC_ISA_USAGE = YES_ERROR;
				CLANG_WARN_DOCUMENTATION_COMMENTS = YES;
				CLANG_WARN_EMPTY_BODY = YES;
				CLANG_WARN_ENUM_CONVERSION = YES;
				CLANG_WARN_INFINITE_RECURSION = YES;
				CLANG_WARN_INT_CONVERSION = YES;
				CLANG_WARN_NON_LITERAL_NULL_CONVERSION = YES;
				CLANG_WARN_OBJC_IMPLICIT_RETAIN_SELF = YES;
				CLANG_WARN_OBJC_LITERAL_CONVERSION = YES;
				CLANG_WARN_OBJC_ROOT_CLASS = YES_ERROR;
				CLANG_WARN_QUOTED_INCLUDE_IN_FRAMEWORK_HEADER = YES;
				CLANG_WARN_RANGE_LOOP_ANALYSIS = YES;
				CLANG_WARN_STRICT_PROTOTYPES = YES;
				CLANG_WARN_SUSPICIOUS_MOVE = YES;
				CLANG_WARN_UNGUARDED_AVAILABILITY = YES_AGGRESSIVE;
				CLANG_WARN_UNREACHABLE_CODE = YES;
				CLANG_WARN__DUPLICATE_METHOD_MATCH = YES;
				COPY_PHASE_STRIP = NO;
				DEBUG_INFORMATION_FORMAT = dwarf;
				ENABLE_STRICT_OBJC_MSGSEND = YES;
				ENABLE_TESTABILITY = YES;
				ENABLE_USER_SCRIPT_SANDBOXING = NO;
				GCC_C_LANGUAGE_STANDARD = gnu17;
				GCC_DYNAMIC_NO_PIC = NO;
				GCC_NO_COMMON_BLOCKS = YES;
				GCC_OPTIMIZATION_LEVEL = 0;
				GCC_PREPROCESSOR_DEFINITIONS = (
					"DEBUG=1",
					"$(inherited)",
				);
				GCC_WARN_64_TO_32_BIT_CONVERSION = YES;
				GCC_WARN_ABOUT_RETURN_TYPE = YES_ERROR;
				GCC_WARN_UNDECLARED_SELECTOR = YES;
				GCC_WARN_UNINITIALIZED_AUTOS = YES_AGGRESSIVE;
				GCC_WARN_UNUSED_FUNCTION = YES;
				GCC_WARN_UNUSED_VARIABLE = YES;
				IPHONEOS_DEPLOYMENT_TARGET = 17.0;
				LOCALIZATION_PREFERS_STRING_CATALOGS = YES;
				MTL_ENABLE_DEBUG_INFO = INCLUDE_SOURCE;
				MTL_FAST_MATH = YES;
				ONLY_ACTIVE_ARCH = YES;
				SDKROOT = iphoneos;
				SWIFT_ACTIVE_COMPILATION_CONDITIONS = "DEBUG $(inherited)";
				SWIFT_OPTIMIZATION_LEVEL = "-Onone";
			};
			name = Debug;
		};
		9D38B8572C77091C007FBC50 /* Release */ = {
			isa = XCBuildConfiguration;
			buildSettings = {
				ALWAYS_SEARCH_USER_PATHS = NO;
				ASSETCATALOG_COMPILER_GENERATE_SWIFT_ASSET_SYMBOL_EXTENSIONS = YES;
				CLANG_ANALYZER_NONNULL = YES;
				CLANG_ANALYZER_NUMBER_OBJECT_CONVERSION = YES_AGGRESSIVE;
				CLANG_CXX_LANGUAGE_STANDARD = "gnu++20";
				CLANG_ENABLE_MODULES = YES;
				CLANG_ENABLE_OBJC_ARC = YES;
				CLANG_ENABLE_OBJC_WEAK = YES;
				CLANG_WARN_BLOCK_CAPTURE_AUTORELEASING = YES;
				CLANG_WARN_BOOL_CONVERSION = YES;
				CLANG_WARN_COMMA = YES;
				CLANG_WARN_CONSTANT_CONVERSION = YES;
				CLANG_WARN_DEPRECATED_OBJC_IMPLEMENTATIONS = YES;
				CLANG_WARN_DIRECT_OBJC_ISA_USAGE = YES_ERROR;
				CLANG_WARN_DOCUMENTATION_COMMENTS = YES;
				CLANG_WARN_EMPTY_BODY = YES;
				CLANG_WARN_ENUM_CONVERSION = YES;
				CLANG_WARN_INFINITE_RECURSION = YES;
				CLANG_WARN_INT_CONVERSION = YES;
				CLANG_WARN_NON_LITERAL_NULL_CONVERSION = YES;
				CLANG_WARN_OBJC_IMPLICIT_RETAIN_SELF = YES;
				CLANG_WARN_OBJC_LITERAL_CONVERSION = YES;
				CLANG_WARN_OBJC_ROOT_CLASS = YES_ERROR;
				CLANG_WARN_QUOTED_INCLUDE_IN_FRAMEWORK_HEADER = YES;
				CLANG_WARN_RANGE_LOOP_ANALYSIS = YES;
				CLANG_WARN_STRICT_PROTOTYPES = YES;
				CLANG_WARN_SUSPICIOUS_MOVE = YES;
				CLANG_WARN_UNGUARDED_AVAILABILITY = YES_AGGRESSIVE;
				CLANG_WARN_UNREACHABLE_CODE = YES;
				CLANG_WARN__DUPLICATE_METHOD_MATCH = YES;
				COPY_PHASE_STRIP = NO;
				DEBUG_INFORMATION_FORMAT = "dwarf-with-dsym";
				ENABLE_NS_ASSERTIONS = NO;
				ENABLE_STRICT_OBJC_MSGSEND = YES;
				ENABLE_USER_SCRIPT_SANDBOXING = NO;
				GCC_C_LANGUAGE_STANDARD = gnu17;
				GCC_NO_COMMON_BLOCKS = YES;
				GCC_WARN_64_TO_32_BIT_CONVERSION = YES;
				GCC_WARN_ABOUT_RETURN_TYPE = YES_ERROR;
				GCC_WARN_UNDECLARED_SELECTOR = YES;
				GCC_WARN_UNINITIALIZED_AUTOS = YES_AGGRESSIVE;
				GCC_WARN_UNUSED_FUNCTION = YES;
				GCC_WARN_UNUSED_VARIABLE = YES;
				IPHONEOS_DEPLOYMENT_TARGET = 17.0;
				LOCALIZATION_PREFERS_STRING_CATALOGS = YES;
				MTL_ENABLE_DEBUG_INFO = NO;
				MTL_FAST_MATH = YES;
				SDKROOT = iphoneos;
				SWIFT_COMPILATION_MODE = wholemodule;
				VALIDATE_PRODUCT = YES;
			};
			name = Release;
		};
		9D38B8592C77091C007FBC50 /* Debug */ = {
			isa = XCBuildConfiguration;
			baseConfigurationReference = 7E318258EC803FB2BC5E8761 /* Pods-RickAndMorty.debug.xcconfig */;
			buildSettings = {
				ASSETCATALOG_COMPILER_APPICON_NAME = AppIcon;
				ASSETCATALOG_COMPILER_GLOBAL_ACCENT_COLOR_NAME = AccentColor;
				CODE_SIGN_STYLE = Automatic;
				CURRENT_PROJECT_VERSION = 1;
				DEVELOPMENT_ASSET_PATHS = "\"RickAndMorty/SupportingFiles/Preview Content\"";
				DEVELOPMENT_TEAM = DSVD277BF8;
				ENABLE_PREVIEWS = YES;
				GENERATE_INFOPLIST_FILE = YES;
				INFOPLIST_KEY_UIApplicationSceneManifest_Generation = YES;
				INFOPLIST_KEY_UIApplicationSupportsIndirectInputEvents = YES;
				INFOPLIST_KEY_UILaunchScreen_Generation = YES;
				INFOPLIST_KEY_UISupportedInterfaceOrientations_iPad = "UIInterfaceOrientationPortrait UIInterfaceOrientationPortraitUpsideDown UIInterfaceOrientationLandscapeLeft UIInterfaceOrientationLandscapeRight";
				INFOPLIST_KEY_UISupportedInterfaceOrientations_iPhone = "UIInterfaceOrientationPortrait UIInterfaceOrientationLandscapeLeft UIInterfaceOrientationLandscapeRight";
				LD_RUNPATH_SEARCH_PATHS = (
					"$(inherited)",
					"@executable_path/Frameworks",
				);
				MARKETING_VERSION = 1.0;
				PRODUCT_BUNDLE_IDENTIFIER = com.challengeMM.RickAndMorty;
				PRODUCT_NAME = "$(TARGET_NAME)";
				SWIFT_EMIT_LOC_STRINGS = YES;
				SWIFT_VERSION = 5.0;
				TARGETED_DEVICE_FAMILY = "1,2";
			};
			name = Debug;
		};
		9D38B85A2C77091C007FBC50 /* Release */ = {
			isa = XCBuildConfiguration;
			baseConfigurationReference = FCA649C4DD8DFB65A03F0948 /* Pods-RickAndMorty.release.xcconfig */;
			buildSettings = {
				ASSETCATALOG_COMPILER_APPICON_NAME = AppIcon;
				ASSETCATALOG_COMPILER_GLOBAL_ACCENT_COLOR_NAME = AccentColor;
				CODE_SIGN_STYLE = Automatic;
				CURRENT_PROJECT_VERSION = 1;
				DEVELOPMENT_ASSET_PATHS = "\"RickAndMorty/SupportingFiles/Preview Content\"";
				DEVELOPMENT_TEAM = DSVD277BF8;
				ENABLE_PREVIEWS = YES;
				GENERATE_INFOPLIST_FILE = YES;
				INFOPLIST_KEY_UIApplicationSceneManifest_Generation = YES;
				INFOPLIST_KEY_UIApplicationSupportsIndirectInputEvents = YES;
				INFOPLIST_KEY_UILaunchScreen_Generation = YES;
				INFOPLIST_KEY_UISupportedInterfaceOrientations_iPad = "UIInterfaceOrientationPortrait UIInterfaceOrientationPortraitUpsideDown UIInterfaceOrientationLandscapeLeft UIInterfaceOrientationLandscapeRight";
				INFOPLIST_KEY_UISupportedInterfaceOrientations_iPhone = "UIInterfaceOrientationPortrait UIInterfaceOrientationLandscapeLeft UIInterfaceOrientationLandscapeRight";
				LD_RUNPATH_SEARCH_PATHS = (
					"$(inherited)",
					"@executable_path/Frameworks",
				);
				MARKETING_VERSION = 1.0;
				PRODUCT_BUNDLE_IDENTIFIER = com.challengeMM.RickAndMorty;
				PRODUCT_NAME = "$(TARGET_NAME)";
				SWIFT_EMIT_LOC_STRINGS = YES;
				SWIFT_VERSION = 5.0;
				TARGETED_DEVICE_FAMILY = "1,2";
			};
			name = Release;
		};
		9D38B85C2C77091C007FBC50 /* Debug */ = {
			isa = XCBuildConfiguration;
			baseConfigurationReference = FB718DF42B4AF758236C3EB7 /* Pods-RickAndMortyTests.debug.xcconfig */;
			buildSettings = {
				ALWAYS_EMBED_SWIFT_STANDARD_LIBRARIES = YES;
				BUNDLE_LOADER = "$(TEST_HOST)";
				CODE_SIGN_STYLE = Automatic;
				CURRENT_PROJECT_VERSION = 1;
				DEVELOPMENT_TEAM = DSVD277BF8;
				GENERATE_INFOPLIST_FILE = YES;
				IPHONEOS_DEPLOYMENT_TARGET = 17.0;
				MARKETING_VERSION = 1.0;
				PRODUCT_BUNDLE_IDENTIFIER = com.challengeMM.RickAndMortyTests;
				PRODUCT_NAME = "$(TARGET_NAME)";
				SWIFT_EMIT_LOC_STRINGS = NO;
				SWIFT_VERSION = 5.0;
				TARGETED_DEVICE_FAMILY = "1,2";
				TEST_HOST = "$(BUILT_PRODUCTS_DIR)/RickAndMorty.app/$(BUNDLE_EXECUTABLE_FOLDER_PATH)/RickAndMorty";
			};
			name = Debug;
		};
		9D38B85D2C77091C007FBC50 /* Release */ = {
			isa = XCBuildConfiguration;
			baseConfigurationReference = 781BE0BB094B5D472A4EFD02 /* Pods-RickAndMortyTests.release.xcconfig */;
			buildSettings = {
				ALWAYS_EMBED_SWIFT_STANDARD_LIBRARIES = YES;
				BUNDLE_LOADER = "$(TEST_HOST)";
				CODE_SIGN_STYLE = Automatic;
				CURRENT_PROJECT_VERSION = 1;
				DEVELOPMENT_TEAM = DSVD277BF8;
				GENERATE_INFOPLIST_FILE = YES;
				IPHONEOS_DEPLOYMENT_TARGET = 17.0;
				MARKETING_VERSION = 1.0;
				PRODUCT_BUNDLE_IDENTIFIER = com.challengeMM.RickAndMortyTests;
				PRODUCT_NAME = "$(TARGET_NAME)";
				SWIFT_EMIT_LOC_STRINGS = NO;
				SWIFT_VERSION = 5.0;
				TARGETED_DEVICE_FAMILY = "1,2";
				TEST_HOST = "$(BUILT_PRODUCTS_DIR)/RickAndMorty.app/$(BUNDLE_EXECUTABLE_FOLDER_PATH)/RickAndMorty";
			};
			name = Release;
		};
		9D38B85F2C77091C007FBC50 /* Debug */ = {
			isa = XCBuildConfiguration;
			baseConfigurationReference = BA125FA7CED79A18689FC46F /* Pods-RickAndMorty-RickAndMortyUITests.debug.xcconfig */;
			buildSettings = {
				ALWAYS_EMBED_SWIFT_STANDARD_LIBRARIES = YES;
				CODE_SIGN_STYLE = Automatic;
				CURRENT_PROJECT_VERSION = 1;
				DEVELOPMENT_TEAM = DSVD277BF8;
				GENERATE_INFOPLIST_FILE = YES;
				MARKETING_VERSION = 1.0;
				PRODUCT_BUNDLE_IDENTIFIER = com.challengeMM.RickAndMortyUITests;
				PRODUCT_NAME = "$(TARGET_NAME)";
				SWIFT_EMIT_LOC_STRINGS = NO;
				SWIFT_VERSION = 5.0;
				TARGETED_DEVICE_FAMILY = "1,2";
				TEST_TARGET_NAME = RickAndMorty;
			};
			name = Debug;
		};
		9D38B8602C77091C007FBC50 /* Release */ = {
			isa = XCBuildConfiguration;
			baseConfigurationReference = 3B433B216C125106F4D397D9 /* Pods-RickAndMorty-RickAndMortyUITests.release.xcconfig */;
			buildSettings = {
				ALWAYS_EMBED_SWIFT_STANDARD_LIBRARIES = YES;
				CODE_SIGN_STYLE = Automatic;
				CURRENT_PROJECT_VERSION = 1;
				DEVELOPMENT_TEAM = DSVD277BF8;
				GENERATE_INFOPLIST_FILE = YES;
				MARKETING_VERSION = 1.0;
				PRODUCT_BUNDLE_IDENTIFIER = com.challengeMM.RickAndMortyUITests;
				PRODUCT_NAME = "$(TARGET_NAME)";
				SWIFT_EMIT_LOC_STRINGS = NO;
				SWIFT_VERSION = 5.0;
				TARGETED_DEVICE_FAMILY = "1,2";
				TEST_TARGET_NAME = RickAndMorty;
			};
			name = Release;
		};
/* End XCBuildConfiguration section */

/* Begin XCConfigurationList section */
		9D38B82F2C77091A007FBC50 /* Build configuration list for PBXProject "RickAndMorty" */ = {
			isa = XCConfigurationList;
			buildConfigurations = (
				9D38B8562C77091C007FBC50 /* Debug */,
				9D38B8572C77091C007FBC50 /* Release */,
			);
			defaultConfigurationIsVisible = 0;
			defaultConfigurationName = Release;
		};
		9D38B8582C77091C007FBC50 /* Build configuration list for PBXNativeTarget "RickAndMorty" */ = {
			isa = XCConfigurationList;
			buildConfigurations = (
				9D38B8592C77091C007FBC50 /* Debug */,
				9D38B85A2C77091C007FBC50 /* Release */,
			);
			defaultConfigurationIsVisible = 0;
			defaultConfigurationName = Release;
		};
		9D38B85B2C77091C007FBC50 /* Build configuration list for PBXNativeTarget "RickAndMortyTests" */ = {
			isa = XCConfigurationList;
			buildConfigurations = (
				9D38B85C2C77091C007FBC50 /* Debug */,
				9D38B85D2C77091C007FBC50 /* Release */,
			);
			defaultConfigurationIsVisible = 0;
			defaultConfigurationName = Release;
		};
		9D38B85E2C77091C007FBC50 /* Build configuration list for PBXNativeTarget "RickAndMortyUITests" */ = {
			isa = XCConfigurationList;
			buildConfigurations = (
				9D38B85F2C77091C007FBC50 /* Debug */,
				9D38B8602C77091C007FBC50 /* Release */,
			);
			defaultConfigurationIsVisible = 0;
			defaultConfigurationName = Release;
		};
/* End XCConfigurationList section */

/* Begin XCLocalSwiftPackageReference section */
		9D38B8732C771079007FBC50 /* XCLocalSwiftPackageReference "rickandmortyapi" */ = {
			isa = XCLocalSwiftPackageReference;
			relativePath = rickandmortyapi;
		};
/* End XCLocalSwiftPackageReference section */

/* Begin XCRemoteSwiftPackageReference section */
		9D38B8632C770EB1007FBC50 /* XCRemoteSwiftPackageReference "apollo-ios" */ = {
			isa = XCRemoteSwiftPackageReference;
			repositoryURL = "https://github.com/apollographql/apollo-ios.git";
			requirement = {
				kind = upToNextMajorVersion;
				minimumVersion = 1.15.0;
			};
		};
/* End XCRemoteSwiftPackageReference section */

/* Begin XCSwiftPackageProductDependency section */
		9D38B8642C770EB1007FBC50 /* Apollo */ = {
			isa = XCSwiftPackageProductDependency;
			package = 9D38B8632C770EB1007FBC50 /* XCRemoteSwiftPackageReference "apollo-ios" */;
			productName = Apollo;
		};
		9D38B8742C771079007FBC50 /* Rickandmortyapi */ = {
			isa = XCSwiftPackageProductDependency;
			productName = Rickandmortyapi;
		};
/* End XCSwiftPackageProductDependency section */
	};
	rootObject = 9D38B82C2C77091A007FBC50 /* Project object */;
}
